
Microsoft Visual Studio Solution File, Format Version 12.00
# Visual Studio Version 16
VisualStudioVersion = 16.0.30717.126
MinimumVisualStudioVersion = 10.0.40219.1
Project("{FAE04EC0-301F-11D3-BF4B-00C04F79EFBC}") = "BackToCsharp", "BackToCsharp\BackToCsharp.csproj", "{438DE790-1CE7-44A0-9C7E-99B9A6AD92C6}"
EndProject
Global
	GlobalSection(SolutionConfigurationPlatforms) = preSolution
		Debug|Any CPU = Debug|Any CPU
		Release|Any CPU = Release|Any CPU
	EndGlobalSection
	GlobalSection(ProjectConfigurationPlatforms) = postSolution
		{438DE790-1CE7-44A0-9C7E-99B9A6AD92C6}.Debug|Any CPU.ActiveCfg = Debug|Any CPU
		{438DE790-1CE7-44A0-9C7E-99B9A6AD92C6}.Debug|Any CPU.Build.0 = Debug|Any CPU
		{438DE790-1CE7-44A0-9C7E-99B9A6AD92C6}.Release|Any CPU.ActiveCfg = Release|Any CPU
		{438DE790-1CE7-44A0-9C7E-99B9A6AD92C6}.Release|Any CPU.Build.0 = Release|Any CPU
	EndGlobalSection
	GlobalSection(SolutionProperties) = preSolution
		HideSolutionNode = FALSE
	EndGlobalSection
	GlobalSection(ExtensibilityGlobals) = postSolution
		SolutionGuid = {6586C24A-DDB3-4C6B-BB3E-EE2AB5F75B26}
	EndGlobalSection
EndGlobal
